// !$*UTF8*$!
{
	archiveVersion = 1;
	classes = {
	};
	objectVersion = 50;
	objects = {

/* Begin PBXBuildFile section */
		550562612424902100BA8C97 /* AppDelegate.swift in Sources */ = {isa = PBXBuildFile; fileRef = 550562602424902100BA8C97 /* AppDelegate.swift */; };
		550562632424902100BA8C97 /* SceneDelegate.swift in Sources */ = {isa = PBXBuildFile; fileRef = 550562622424902100BA8C97 /* SceneDelegate.swift */; };
		550562652424902200BA8C97 /* ViewController.swift in Sources */ = {isa = PBXBuildFile; fileRef = 550562642424902200BA8C97 /* ViewController.swift */; };
		5505626A2424902600BA8C97 /* Assets.xcassets in Resources */ = {isa = PBXBuildFile; fileRef = 550562692424902600BA8C97 /* Assets.xcassets */; };
		5505626D2424902600BA8C97 /* LaunchScreen.storyboard in Resources */ = {isa = PBXBuildFile; fileRef = 5505626B2424902600BA8C97 /* LaunchScreen.storyboard */; };
		558EA9C9244F5962001B851B /* UIViewControllers+Helpers.swift in Sources */ = {isa = PBXBuildFile; fileRef = 558EA9C8244F5962001B851B /* UIViewControllers+Helpers.swift */; };
		558EA9CB24501FFE001B851B /* CreateEmployeeController.swift in Sources */ = {isa = PBXBuildFile; fileRef = 558EA9CA24501FFE001B851B /* CreateEmployeeController.swift */; };
		55ACA843242C912500BB6BBC /* CreateCompanyController.swift in Sources */ = {isa = PBXBuildFile; fileRef = 55ACA842242C912500BB6BBC /* CreateCompanyController.swift */; };
		55AE32DD2429401500FEE548 /* UIColors.swift in Sources */ = {isa = PBXBuildFile; fileRef = 55AE32DC2429401500FEE548 /* UIColors.swift */; };
		55AE32DF242A9AB700FEE548 /* Company.swift in Sources */ = {isa = PBXBuildFile; fileRef = 55AE32DE242A9AB700FEE548 /* Company.swift */; };
		55BC457A24494EF70046CD24 /* CompanyCell.swift in Sources */ = {isa = PBXBuildFile; fileRef = 55BC457924494EF70046CD24 /* CompanyCell.swift */; };
		55BC457E244C0F550046CD24 /* ViewController+CreateCompanyController.swift in Sources */ = {isa = PBXBuildFile; fileRef = 55BC457D244C0F550046CD24 /* ViewController+CreateCompanyController.swift */; };
		55BC4580244C41040046CD24 /* ViewController+UITableView.swift in Sources */ = {isa = PBXBuildFile; fileRef = 55BC457F244C41040046CD24 /* ViewController+UITableView.swift */; };
		55BC4582244C4E7C0046CD24 /* EmployeesController.swift in Sources */ = {isa = PBXBuildFile; fileRef = 55BC4581244C4E7C0046CD24 /* EmployeesController.swift */; };
		55C7C67B2491EE3400786045 /* EmployeeType.swift in Sources */ = {isa = PBXBuildFile; fileRef = 55C7C67A2491EE3400786045 /* EmployeeType.swift */; };
		55DB75A42435EF08009F6E91 /* DataStorage.xcdatamodeld in Sources */ = {isa = PBXBuildFile; fileRef = 55DB75A22435EF08009F6E91 /* DataStorage.xcdatamodeld */; };
		55F6E7FD24B421C400F1F922 /* CompaniesAutoUpdateController.swift in Sources */ = {isa = PBXBuildFile; fileRef = 55F6E7FC24B421C400F1F922 /* CompaniesAutoUpdateController.swift */; };
		55F6E7FF24B4467B00F1F922 /* Service.swift in Sources */ = {isa = PBXBuildFile; fileRef = 55F6E7FE24B4467B00F1F922 /* Service.swift */; };
		55F81CBB2437F86A003C354D /* CoreDataManager.swift in Sources */ = {isa = PBXBuildFile; fileRef = 55F81CBA2437F86A003C354D /* CoreDataManager.swift */; };
/* End PBXBuildFile section */

/* Begin PBXFileReference section */
		5505625D2424902100BA8C97 /* CoreDataProject.app */ = {isa = PBXFileReference; explicitFileType = wrapper.application; includeInIndex = 0; path = CoreDataProject.app; sourceTree = BUILT_PRODUCTS_DIR; };
		550562602424902100BA8C97 /* AppDelegate.swift */ = {isa = PBXFileReference; lastKnownFileType = sourcecode.swift; path = AppDelegate.swift; sourceTree = "<group>"; };
		550562622424902100BA8C97 /* SceneDelegate.swift */ = {isa = PBXFileReference; lastKnownFileType = sourcecode.swift; path = SceneDelegate.swift; sourceTree = "<group>"; };
		550562642424902200BA8C97 /* ViewController.swift */ = {isa = PBXFileReference; lastKnownFileType = sourcecode.swift; path = ViewController.swift; sourceTree = "<group>"; };
		550562692424902600BA8C97 /* Assets.xcassets */ = {isa = PBXFileReference; lastKnownFileType = folder.assetcatalog; path = Assets.xcassets; sourceTree = "<group>"; };
		5505626C2424902600BA8C97 /* Base */ = {isa = PBXFileReference; lastKnownFileType = file.storyboard; name = Base; path = Base.lproj/LaunchScreen.storyboard; sourceTree = "<group>"; };
		5505626E2424902600BA8C97 /* Info.plist */ = {isa = PBXFileReference; lastKnownFileType = text.plist.xml; path = Info.plist; sourceTree = "<group>"; };
		5580528024BE45670009411E /* DataStorage_v1.1.xcdatamodel */ = {isa = PBXFileReference; lastKnownFileType = wrapper.xcdatamodel; path = DataStorage_v1.1.xcdatamodel; sourceTree = "<group>"; };
		558EA9C8244F5962001B851B /* UIViewControllers+Helpers.swift */ = {isa = PBXFileReference; lastKnownFileType = sourcecode.swift; path = "UIViewControllers+Helpers.swift"; sourceTree = "<group>"; };
		558EA9CA24501FFE001B851B /* CreateEmployeeController.swift */ = {isa = PBXFileReference; lastKnownFileType = sourcecode.swift; path = CreateEmployeeController.swift; sourceTree = "<group>"; };
		55ACA842242C912500BB6BBC /* CreateCompanyController.swift */ = {isa = PBXFileReference; lastKnownFileType = sourcecode.swift; path = CreateCompanyController.swift; sourceTree = "<group>"; };
		55AE32DC2429401500FEE548 /* UIColors.swift */ = {isa = PBXFileReference; lastKnownFileType = sourcecode.swift; path = UIColors.swift; sourceTree = "<group>"; };
		55AE32DE242A9AB700FEE548 /* Company.swift */ = {isa = PBXFileReference; lastKnownFileType = sourcecode.swift; path = Company.swift; sourceTree = "<group>"; };
		55BC457924494EF70046CD24 /* CompanyCell.swift */ = {isa = PBXFileReference; lastKnownFileType = sourcecode.swift; path = CompanyCell.swift; sourceTree = "<group>"; };
		55BC457D244C0F550046CD24 /* ViewController+CreateCompanyController.swift */ = {isa = PBXFileReference; lastKnownFileType = sourcecode.swift; path = "ViewController+CreateCompanyController.swift"; sourceTree = "<group>"; };
		55BC457F244C41040046CD24 /* ViewController+UITableView.swift */ = {isa = PBXFileReference; lastKnownFileType = sourcecode.swift; path = "ViewController+UITableView.swift"; sourceTree = "<group>"; };
		55BC4581244C4E7C0046CD24 /* EmployeesController.swift */ = {isa = PBXFileReference; lastKnownFileType = sourcecode.swift; path = EmployeesController.swift; sourceTree = "<group>"; };
		55C7C67A2491EE3400786045 /* EmployeeType.swift */ = {isa = PBXFileReference; lastKnownFileType = sourcecode.swift; path = EmployeeType.swift; sourceTree = "<group>"; };
		55DB75A32435EF08009F6E91 /* DataStorage.xcdatamodel */ = {isa = PBXFileReference; lastKnownFileType = wrapper.xcdatamodel; path = DataStorage.xcdatamodel; sourceTree = "<group>"; };
		55F6E7FC24B421C400F1F922 /* CompaniesAutoUpdateController.swift */ = {isa = PBXFileReference; lastKnownFileType = sourcecode.swift; path = CompaniesAutoUpdateController.swift; sourceTree = "<group>"; };
		55F6E7FE24B4467B00F1F922 /* Service.swift */ = {isa = PBXFileReference; lastKnownFileType = sourcecode.swift; path = Service.swift; sourceTree = "<group>"; };
		55F81CBA2437F86A003C354D /* CoreDataManager.swift */ = {isa = PBXFileReference; lastKnownFileType = sourcecode.swift; path = CoreDataManager.swift; sourceTree = "<group>"; };
/* End PBXFileReference section */

/* Begin PBXFrameworksBuildPhase section */
		5505625A2424902100BA8C97 /* Frameworks */ = {
			isa = PBXFrameworksBuildPhase;
			buildActionMask = 2147483647;
			files = (
			);
			runOnlyForDeploymentPostprocessing = 0;
		};
/* End PBXFrameworksBuildPhase section */

/* Begin PBXGroup section */
		550562542424902100BA8C97 = {
			isa = PBXGroup;
			children = (
				5505625F2424902100BA8C97 /* CoreDataProject */,
				5505625E2424902100BA8C97 /* Products */,
			);
			sourceTree = "<group>";
		};
		5505625E2424902100BA8C97 /* Products */ = {
			isa = PBXGroup;
			children = (
				5505625D2424902100BA8C97 /* CoreDataProject.app */,
			);
			name = Products;
			sourceTree = "<group>";
		};
		5505625F2424902100BA8C97 /* CoreDataProject */ = {
			isa = PBXGroup;
			children = (
				55BC457D244C0F550046CD24 /* ViewController+CreateCompanyController.swift */,
				55BC457F244C41040046CD24 /* ViewController+UITableView.swift */,
				558EA9C8244F5962001B851B /* UIViewControllers+Helpers.swift */,
				55AE32DC2429401500FEE548 /* UIColors.swift */,
				55AE32DE242A9AB700FEE548 /* Company.swift */,
				55BC457924494EF70046CD24 /* CompanyCell.swift */,
				550562642424902200BA8C97 /* ViewController.swift */,
				55ACA842242C912500BB6BBC /* CreateCompanyController.swift */,
				558EA9CA24501FFE001B851B /* CreateEmployeeController.swift */,
				55BC4581244C4E7C0046CD24 /* EmployeesController.swift */,
				55C7C67A2491EE3400786045 /* EmployeeType.swift */,
				550562692424902600BA8C97 /* Assets.xcassets */,
				550562622424902100BA8C97 /* SceneDelegate.swift */,
				550562602424902100BA8C97 /* AppDelegate.swift */,
				55F81CBA2437F86A003C354D /* CoreDataManager.swift */,
				5505626B2424902600BA8C97 /* LaunchScreen.storyboard */,
				5505626E2424902600BA8C97 /* Info.plist */,
				55DB75A22435EF08009F6E91 /* DataStorage.xcdatamodeld */,
				55F6E7FC24B421C400F1F922 /* CompaniesAutoUpdateController.swift */,
				55F6E7FE24B4467B00F1F922 /* Service.swift */,
			);
			path = CoreDataProject;
			sourceTree = "<group>";
		};
/* End PBXGroup section */

/* Begin PBXNativeTarget section */
		5505625C2424902100BA8C97 /* CoreDataProject */ = {
			isa = PBXNativeTarget;
			buildConfigurationList = 550562712424902600BA8C97 /* Build configuration list for PBXNativeTarget "CoreDataProject" */;
			buildPhases = (
				550562592424902100BA8C97 /* Sources */,
				5505625A2424902100BA8C97 /* Frameworks */,
				5505625B2424902100BA8C97 /* Resources */,
			);
			buildRules = (
			);
			dependencies = (
			);
			name = CoreDataProject;
			productName = CoreDataProject;
			productReference = 5505625D2424902100BA8C97 /* CoreDataProject.app */;
			productType = "com.apple.product-type.application";
		};
/* End PBXNativeTarget section */

/* Begin PBXProject section */
		550562552424902100BA8C97 /* Project object */ = {
			isa = PBXProject;
			attributes = {
				LastSwiftUpdateCheck = 1130;
				LastUpgradeCheck = 1130;
				ORGANIZATIONNAME = "Jonathan Hernandez";
				TargetAttributes = {
					5505625C2424902100BA8C97 = {
						CreatedOnToolsVersion = 11.3.1;
					};
				};
			};
			buildConfigurationList = 550562582424902100BA8C97 /* Build configuration list for PBXProject "CoreDataProject" */;
			compatibilityVersion = "Xcode 9.3";
			developmentRegion = en;
			hasScannedForEncodings = 0;
			knownRegions = (
				en,
				Base,
			);
			mainGroup = 550562542424902100BA8C97;
			productRefGroup = 5505625E2424902100BA8C97 /* Products */;
			projectDirPath = "";
			projectRoot = "";
			targets = (
				5505625C2424902100BA8C97 /* CoreDataProject */,
			);
		};
/* End PBXProject section */

/* Begin PBXResourcesBuildPhase section */
		5505625B2424902100BA8C97 /* Resources */ = {
			isa = PBXResourcesBuildPhase;
			buildActionMask = 2147483647;
			files = (
				5505626D2424902600BA8C97 /* LaunchScreen.storyboard in Resources */,
				5505626A2424902600BA8C97 /* Assets.xcassets in Resources */,
			);
			runOnlyForDeploymentPostprocessing = 0;
		};
/* End PBXResourcesBuildPhase section */

/* Begin PBXSourcesBuildPhase section */
		550562592424902100BA8C97 /* Sources */ = {
			isa = PBXSourcesBuildPhase;
			buildActionMask = 2147483647;
			files = (
				550562652424902200BA8C97 /* ViewController.swift in Sources */,
				558EA9CB24501FFE001B851B /* CreateEmployeeController.swift in Sources */,
				55AE32DD2429401500FEE548 /* UIColors.swift in Sources */,
				55BC4580244C41040046CD24 /* ViewController+UITableView.swift in Sources */,
				55C7C67B2491EE3400786045 /* EmployeeType.swift in Sources */,
				55F6E7FD24B421C400F1F922 /* CompaniesAutoUpdateController.swift in Sources */,
				55DB75A42435EF08009F6E91 /* DataStorage.xcdatamodeld in Sources */,
				550562612424902100BA8C97 /* AppDelegate.swift in Sources */,
				558EA9C9244F5962001B851B /* UIViewControllers+Helpers.swift in Sources */,
				55BC457A24494EF70046CD24 /* CompanyCell.swift in Sources */,
				55AE32DF242A9AB700FEE548 /* Company.swift in Sources */,
				55F6E7FF24B4467B00F1F922 /* Service.swift in Sources */,
				55BC4582244C4E7C0046CD24 /* EmployeesController.swift in Sources */,
				550562632424902100BA8C97 /* SceneDelegate.swift in Sources */,
				55F81CBB2437F86A003C354D /* CoreDataManager.swift in Sources */,
				55BC457E244C0F550046CD24 /* ViewController+CreateCompanyController.swift in Sources */,
				55ACA843242C912500BB6BBC /* CreateCompanyController.swift in Sources */,
			);
			runOnlyForDeploymentPostprocessing = 0;
		};
/* End PBXSourcesBuildPhase section */

/* Begin PBXVariantGroup section */
		5505626B2424902600BA8C97 /* LaunchScreen.storyboard */ = {
			isa = PBXVariantGroup;
			children = (
				5505626C2424902600BA8C97 /* Base */,
			);
			name = LaunchScreen.storyboard;
			sourceTree = "<group>";
		};
/* End PBXVariantGroup section */

/* Begin XCBuildConfiguration section */
		5505626F2424902600BA8C97 /* Debug */ = {
			isa = XCBuildConfiguration;
			buildSettings = {
				ALWAYS_SEARCH_USER_PATHS = NO;
				CLANG_ANALYZER_NONNULL = YES;
				CLANG_ANALYZER_NUMBER_OBJECT_CONVERSION = YES_AGGRESSIVE;
				CLANG_CXX_LANGUAGE_STANDARD = "gnu++14";
				CLANG_CXX_LIBRARY = "libc++";
				CLANG_ENABLE_MODULES = YES;
				CLANG_ENABLE_OBJC_ARC = YES;
				CLANG_ENABLE_OBJC_WEAK = YES;
				CLANG_WARN_BLOCK_CAPTURE_AUTORELEASING = YES;
				CLANG_WARN_BOOL_CONVERSION = YES;
				CLANG_WARN_COMMA = YES;
				CLANG_WARN_CONSTANT_CONVERSION = YES;
				CLANG_WARN_DEPRECATED_OBJC_IMPLEMENTATIONS = YES;
				CLANG_WARN_DIRECT_OBJC_ISA_USAGE = YES_ERROR;
				CLANG_WARN_DOCUMENTATION_COMMENTS = YES;
				CLANG_WARN_EMPTY_BODY = YES;
				CLANG_WARN_ENUM_CONVERSION = YES;
				CLANG_WARN_INFINITE_RECURSION = YES;
				CLANG_WARN_INT_CONVERSION = YES;
				CLANG_WARN_NON_LITERAL_NULL_CONVERSION = YES;
				CLANG_WARN_OBJC_IMPLICIT_RETAIN_SELF = YES;
				CLANG_WARN_OBJC_LITERAL_CONVERSION = YES;
				CLANG_WARN_OBJC_ROOT_CLASS = YES_ERROR;
				CLANG_WARN_RANGE_LOOP_ANALYSIS = YES;
				CLANG_WARN_STRICT_PROTOTYPES = YES;
				CLANG_WARN_SUSPICIOUS_MOVE = YES;
				CLANG_WARN_UNGUARDED_AVAILABILITY = YES_AGGRESSIVE;
				CLANG_WARN_UNREACHABLE_CODE = YES;
				CLANG_WARN__DUPLICATE_METHOD_MATCH = YES;
				COPY_PHASE_STRIP = NO;
				DEBUG_INFORMATION_FORMAT = dwarf;
				ENABLE_STRICT_OBJC_MSGSEND = YES;
				ENABLE_TESTABILITY = YES;
				GCC_C_LANGUAGE_STANDARD = gnu11;
				GCC_DYNAMIC_NO_PIC = NO;
				GCC_NO_COMMON_BLOCKS = YES;
				GCC_OPTIMIZATION_LEVEL = 0;
				GCC_PREPROCESSOR_DEFINITIONS = (
					"DEBUG=1",
					"$(inherited)",
				);
				GCC_WARN_64_TO_32_BIT_CONVERSION = YES;
				GCC_WARN_ABOUT_RETURN_TYPE = YES_ERROR;
				GCC_WARN_UNDECLARED_SELECTOR = YES;
				GCC_WARN_UNINITIALIZED_AUTOS = YES_AGGRESSIVE;
				GCC_WARN_UNUSED_FUNCTION = YES;
				GCC_WARN_UNUSED_VARIABLE = YES;
				IPHONEOS_DEPLOYMENT_TARGET = 13.2;
				MTL_ENABLE_DEBUG_INFO = INCLUDE_SOURCE;
				MTL_FAST_MATH = YES;
				ONLY_ACTIVE_ARCH = YES;
				SDKROOT = iphoneos;
				SWIFT_ACTIVE_COMPILATION_CONDITIONS = DEBUG;
				SWIFT_OPTIMIZATION_LEVEL = "-Onone";
			};
			name = Debug;
		};
		550562702424902600BA8C97 /* Release */ = {
			isa = XCBuildConfiguration;
			buildSettings = {
				ALWAYS_SEARCH_USER_PATHS = NO;
				CLANG_ANALYZER_NONNULL = YES;
				CLANG_ANALYZER_NUMBER_OBJECT_CONVERSION = YES_AGGRESSIVE;
				CLANG_CXX_LANGUAGE_STANDARD = "gnu++14";
				CLANG_CXX_LIBRARY = "libc++";
				CLANG_ENABLE_MODULES = YES;
				CLANG_ENABLE_OBJC_ARC = YES;
				CLANG_ENABLE_OBJC_WEAK = YES;
				CLANG_WARN_BLOCK_CAPTURE_AUTORELEASING = YES;
				CLANG_WARN_BOOL_CONVERSION = YES;
				CLANG_WARN_COMMA = YES;
				CLANG_WARN_CONSTANT_CONVERSION = YES;
				CLANG_WARN_DEPRECATED_OBJC_IMPLEMENTATIONS = YES;
				CLANG_WARN_DIRECT_OBJC_ISA_USAGE = YES_ERROR;
				CLANG_WARN_DOCUMENTATION_COMMENTS = YES;
				CLANG_WARN_EMPTY_BODY = YES;
				CLANG_WARN_ENUM_CONVERSION = YES;
				CLANG_WARN_INFINITE_RECURSION = YES;
				CLANG_WARN_INT_CONVERSION = YES;
				CLANG_WARN_NON_LITERAL_NULL_CONVERSION = YES;
				CLANG_WARN_OBJC_IMPLICIT_RETAIN_SELF = YES;
				CLANG_WARN_OBJC_LITERAL_CONVERSION = YES;
				CLANG_WARN_OBJC_ROOT_CLASS = YES_ERROR;
				CLANG_WARN_RANGE_LOOP_ANALYSIS = YES;
				CLANG_WARN_STRICT_PROTOTYPES = YES;
				CLANG_WARN_SUSPICIOUS_MOVE = YES;
				CLANG_WARN_UNGUARDED_AVAILABILITY = YES_AGGRESSIVE;
				CLANG_WARN_UNREACHABLE_CODE = YES;
				CLANG_WARN__DUPLICATE_METHOD_MATCH = YES;
				COPY_PHASE_STRIP = NO;
				DEBUG_INFORMATION_FORMAT = "dwarf-with-dsym";
				ENABLE_NS_ASSERTIONS = NO;
				ENABLE_STRICT_OBJC_MSGSEND = YES;
				GCC_C_LANGUAGE_STANDARD = gnu11;
				GCC_NO_COMMON_BLOCKS = YES;
				GCC_WARN_64_TO_32_BIT_CONVERSION = YES;
				GCC_WARN_ABOUT_RETURN_TYPE = YES_ERROR;
				GCC_WARN_UNDECLARED_SELECTOR = YES;
				GCC_WARN_UNINITIALIZED_AUTOS = YES_AGGRESSIVE;
				GCC_WARN_UNUSED_FUNCTION = YES;
				GCC_WARN_UNUSED_VARIABLE = YES;
				IPHONEOS_DEPLOYMENT_TARGET = 13.2;
				MTL_ENABLE_DEBUG_INFO = NO;
				MTL_FAST_MATH = YES;
				SDKROOT = iphoneos;
				SWIFT_COMPILATION_MODE = wholemodule;
				SWIFT_OPTIMIZATION_LEVEL = "-O";
				VALIDATE_PRODUCT = YES;
			};
			name = Release;
		};
		550562722424902600BA8C97 /* Debug */ = {
			isa = XCBuildConfiguration;
			buildSettings = {
				ASSETCATALOG_COMPILER_APPICON_NAME = AppIcon;
				CODE_SIGN_STYLE = Automatic;
				DEVELOPMENT_TEAM = 4WXSFZLPV5;
				INFOPLIST_FILE = CoreDataProject/Info.plist;
				LD_RUNPATH_SEARCH_PATHS = (
					"$(inherited)",
					"@executable_path/Frameworks",
				);
				PRODUCT_BUNDLE_IDENTIFIER = com.johnhernandez.CoreDataProject;
				PRODUCT_NAME = "$(TARGET_NAME)";
				SWIFT_VERSION = 5.0;
				TARGETED_DEVICE_FAMILY = "1,2";
			};
			name = Debug;
		};
		550562732424902600BA8C97 /* Release */ = {
			isa = XCBuildConfiguration;
			buildSettings = {
				ASSETCATALOG_COMPILER_APPICON_NAME = AppIcon;
				CODE_SIGN_STYLE = Automatic;
				DEVELOPMENT_TEAM = 4WXSFZLPV5;
				INFOPLIST_FILE = CoreDataProject/Info.plist;
				LD_RUNPATH_SEARCH_PATHS = (
					"$(inherited)",
					"@executable_path/Frameworks",
				);
				PRODUCT_BUNDLE_IDENTIFIER = com.johnhernandez.CoreDataProject;
				PRODUCT_NAME = "$(TARGET_NAME)";
				SWIFT_VERSION = 5.0;
				TARGETED_DEVICE_FAMILY = "1,2";
			};
			name = Release;
		};
/* End XCBuildConfiguration section */

/* Begin XCConfigurationList section */
		550562582424902100BA8C97 /* Build configuration list for PBXProject "CoreDataProject" */ = {
			isa = XCConfigurationList;
			buildConfigurations = (
				5505626F2424902600BA8C97 /* Debug */,
				550562702424902600BA8C97 /* Release */,
			);
			defaultConfigurationIsVisible = 0;
			defaultConfigurationName = Release;
		};
		550562712424902600BA8C97 /* Build configuration list for PBXNativeTarget "CoreDataProject" */ = {
			isa = XCConfigurationList;
			buildConfigurations = (
				550562722424902600BA8C97 /* Debug */,
				550562732424902600BA8C97 /* Release */,
			);
			defaultConfigurationIsVisible = 0;
			defaultConfigurationName = Release;
		};
/* End XCConfigurationList section */

/* Begin XCVersionGroup section */
		55DB75A22435EF08009F6E91 /* DataStorage.xcdatamodeld */ = {
			isa = XCVersionGroup;
			children = (
				5580528024BE45670009411E /* DataStorage_v1.1.xcdatamodel */,
				55DB75A32435EF08009F6E91 /* DataStorage.xcdatamodel */,
			);
			currentVersion = 5580528024BE45670009411E /* DataStorage_v1.1.xcdatamodel */;
			path = DataStorage.xcdatamodeld;
			sourceTree = "<group>";
			versionGroupType = wrapper.xcdatamodel;
		};
/* End XCVersionGroup section */
	};
	rootObject = 550562552424902100BA8C97 /* Project object */;
}
